
Microsoft Visual Studio Solution File, Format Version 12.00
# Visual Studio 2013
VisualStudioVersion = 12.0.40629.0
MinimumVisualStudioVersion = 10.0.40219.1
Project("{54435603-DBB4-11D2-8724-00A0C9A8B90C}") = "Qalculate!", "Qalculate!\Qalculate!.vdproj", "{7771F4EB-EBE0-4966-9215-AAE657E51FBF}"
EndProject
Global
	GlobalSection(SolutionConfigurationPlatforms) = preSolution
		Debug|Default = Debug|Default
		Release|Default = Release|Default
		Description = The ultimate desktop calculator
	EndGlobalSection
	GlobalSection(ProjectConfigurationPlatforms) = postSolution
		{7771F4EB-EBE0-4966-9215-AAE657E51FBF}.Debug|Default.ActiveCfg = Debug
		{7771F4EB-EBE0-4966-9215-AAE657E51FBF}.Debug|Default.Build.0 = Debug
		{7771F4EB-EBE0-4966-9215-AAE657E51FBF}.Release|Default.ActiveCfg = Release
		{7771F4EB-EBE0-4966-9215-AAE657E51FBF}.Release|Default.Build.0 = Release
	EndGlobalSection
	GlobalSection(SolutionProperties) = preSolution
		HideSolutionNode = FALSE
	EndGlobalSection
EndGlobal
